
Microsoft Visual Studio Solution File, Format Version 12.00
# Visual Studio Version 17
VisualStudioVersion = 17.11.35222.181
MinimumVisualStudioVersion = 10.0.40219.1
Project("{FAE04EC0-301F-11D3-BF4B-00C04F79EFBC}") = "CandyChances", "CandyChances.csproj", "{A228DF70-81AB-4DAB-921C-FA5439EEC890}"
EndProject
Global
	GlobalSection(SolutionConfigurationPlatforms) = preSolution
		Debug|Any CPU = Debug|Any CPU
		Debug|x64 = Debug|x64
		Release|Any CPU = Release|Any CPU
		Release|x64 = Release|x64
	EndGlobalSection
	GlobalSection(ProjectConfigurationPlatforms) = postSolution
		{A228DF70-81AB-4DAB-921C-FA5439EEC890}.Debug|Any CPU.ActiveCfg = Debug|Any CPU
		{A228DF70-81AB-4DAB-921C-FA5439EEC890}.Debug|Any CPU.Build.0 = Debug|Any CPU
		{A228DF70-81AB-4DAB-921C-FA5439EEC890}.Debug|x64.ActiveCfg = Debug|x64
		{A228DF70-81AB-4DAB-921C-FA5439EEC890}.Debug|x64.Build.0 = Debug|x64
		{A228DF70-81AB-4DAB-921C-FA5439EEC890}.Release|Any CPU.ActiveCfg = Release|Any CPU
		{A228DF70-81AB-4DAB-921C-FA5439EEC890}.Release|Any CPU.Build.0 = Release|Any CPU
		{A228DF70-81AB-4DAB-921C-FA5439EEC890}.Release|x64.ActiveCfg = Release|x64
		{A228DF70-81AB-4DAB-921C-FA5439EEC890}.Release|x64.Build.0 = Release|x64
	EndGlobalSection
	GlobalSection(SolutionProperties) = preSolution
		HideSolutionNode = FALSE
	EndGlobalSection
	GlobalSection(ExtensibilityGlobals) = postSolution
		SolutionGuid = {6B80DFB3-CCEA-43F0-86D5-7C2A59AAA81D}
	EndGlobalSection
EndGlobal
