
Microsoft Visual Studio Solution File, Format Version 12.00
# Visual Studio Version 18
VisualStudioVersion = 18.3.11218.70 d18.3
MinimumVisualStudioVersion = 10.0.40219.1
Project("{FAE04EC0-301F-11D3-BF4B-00C04F79EFBC}") = "CandyChances", "CandyChances.csproj", "{A228DF70-81AB-4DAB-921C-FA5439EEC890}"
EndProject
Global
	GlobalSection(SolutionConfigurationPlatforms) = preSolution
		Hallowen|Any CPU = Hallowen|Any CPU
		Hallowen|x64 = Hallowen|x64
		Release|Any CPU = Release|Any CPU
		Release|x64 = Release|x64
		Ruei|Any CPU = Ruei|Any CPU
		Ruei|x64 = Ruei|x64
		Ruei-Hallowen|Any CPU = Ruei-Hallowen|Any CPU
		Ruei-Hallowen|x64 = Ruei-Hallowen|x64
	EndGlobalSection
	GlobalSection(ProjectConfigurationPlatforms) = postSolution
		{A228DF70-81AB-4DAB-921C-FA5439EEC890}.Hallowen|Any CPU.ActiveCfg = Hallowen|x64
		{A228DF70-81AB-4DAB-921C-FA5439EEC890}.Hallowen|Any CPU.Build.0 = Hallowen|x64
		{A228DF70-81AB-4DAB-921C-FA5439EEC890}.Hallowen|x64.ActiveCfg = Hallowen|x64
		{A228DF70-81AB-4DAB-921C-FA5439EEC890}.Release|Any CPU.ActiveCfg = Release|Any CPU
		{A228DF70-81AB-4DAB-921C-FA5439EEC890}.Release|Any CPU.Build.0 = Release|Any CPU
		{A228DF70-81AB-4DAB-921C-FA5439EEC890}.Release|x64.ActiveCfg = Release|x64
		{A228DF70-81AB-4DAB-921C-FA5439EEC890}.Ruei|Any CPU.ActiveCfg = Ruei|x64
		{A228DF70-81AB-4DAB-921C-FA5439EEC890}.Ruei|Any CPU.Build.0 = Ruei|x64
		{A228DF70-81AB-4DAB-921C-FA5439EEC890}.Ruei|x64.ActiveCfg = Ruei|x64
		{A228DF70-81AB-4DAB-921C-FA5439EEC890}.Ruei|x64.Build.0 = Ruei|x64
		{A228DF70-81AB-4DAB-921C-FA5439EEC890}.Ruei-Hallowen|Any CPU.ActiveCfg = Ruei-Hallowen|x64
		{A228DF70-81AB-4DAB-921C-FA5439EEC890}.Ruei-Hallowen|Any CPU.Build.0 = Ruei-Hallowen|x64
		{A228DF70-81AB-4DAB-921C-FA5439EEC890}.Ruei-Hallowen|x64.ActiveCfg = Ruei-Hallowen|x64
	EndGlobalSection
	GlobalSection(SolutionProperties) = preSolution
		HideSolutionNode = FALSE
	EndGlobalSection
	GlobalSection(ExtensibilityGlobals) = postSolution
		SolutionGuid = {6B80DFB3-CCEA-43F0-86D5-7C2A59AAA81D}
	EndGlobalSection
EndGlobal
